
Microsoft Visual Studio Solution File, Format Version 12.00
# Visual Studio 15
VisualStudioVersion = 15.0.26403.7
MinimumVisualStudioVersion = 10.0.40219.1
Project("{FAE04EC0-301F-11D3-BF4B-00C04F79EFBC}") = "ElevenNote.Web", "ElevenNote.Web\ElevenNote.Web.csproj", "{76A17495-3E0C-45D1-8BD6-15A9B5067D35}"
EndProject
Project("{FAE04EC0-301F-11D3-BF4B-00C04F79EFBC}") = "ElevenNote.Data", "ElevenNote.Data\ElevenNote.Data.csproj", "{AF3840A2-C365-4CC5-B6F2-9EB173D60598}"
EndProject
Project("{FAE04EC0-301F-11D3-BF4B-00C04F79EFBC}") = "ElevenNote.Models", "ElevenNote.Models\ElevenNote.Models.csproj", "{92E1D230-CD4A-44EF-929F-AD38332B0116}"
EndProject
Project("{FAE04EC0-301F-11D3-BF4B-00C04F79EFBC}") = "ElevenNote.Services", "ElevenNote.Services\ElevenNote.Services.csproj", "{E6BFEF28-4449-42FC-AD7D-8E251841FC92}"
EndProject
Project("{FAE04EC0-301F-11D3-BF4B-00C04F79EFBC}") = "ElevenNote.API", "ElevenNote.API\ElevenNote.API.csproj", "{23419964-B000-4E66-B2DE-37120B67BF81}"
EndProject
Project("{D954291E-2A0B-460D-934E-DC6B0785DB48}") = "ElevenNote.MobileApp", "ElevenNote.MobileApp\ElevenNote.MobileApp\ElevenNote.MobileApp.shproj", "{EF8ED6DB-8CE6-48B0-9FB5-1E39870E148F}"
EndProject
Project("{FAE04EC0-301F-11D3-BF4B-00C04F79EFBC}") = "ElevenNote.MobileApp.Android", "ElevenNote.MobileApp\ElevenNote.MobileApp.Android\ElevenNote.MobileApp.Android.csproj", "{CB700A19-BBC0-47EB-9F23-4DAB6115F8FB}"
EndProject
Project("{FAE04EC0-301F-11D3-BF4B-00C04F79EFBC}") = "ElevenNote.MobileApp.iOS", "ElevenNote.MobileApp\ElevenNote.MobileApp.iOS\ElevenNote.MobileApp.iOS.csproj", "{938436DD-F856-4BFB-884A-25EA10C03B08}"
EndProject
Global
	GlobalSection(SharedMSBuildProjectFiles) = preSolution
		ElevenNote.MobileApp\ElevenNote.MobileApp\ElevenNote.MobileApp.projitems*{938436dd-f856-4bfb-884a-25ea10c03b08}*SharedItemsImports = 4
		ElevenNote.MobileApp\ElevenNote.MobileApp\ElevenNote.MobileApp.projitems*{cb700a19-bbc0-47eb-9f23-4dab6115f8fb}*SharedItemsImports = 4
		ElevenNote.MobileApp\ElevenNote.MobileApp\ElevenNote.MobileApp.projitems*{ef8ed6db-8ce6-48b0-9fb5-1e39870e148f}*SharedItemsImports = 13
	EndGlobalSection
	GlobalSection(SolutionConfigurationPlatforms) = preSolution
		Ad-Hoc|Any CPU = Ad-Hoc|Any CPU
		Ad-Hoc|iPhone = Ad-Hoc|iPhone
		Ad-Hoc|iPhoneSimulator = Ad-Hoc|iPhoneSimulator
		AppStore|Any CPU = AppStore|Any CPU
		AppStore|iPhone = AppStore|iPhone
		AppStore|iPhoneSimulator = AppStore|iPhoneSimulator
		Debug|Any CPU = Debug|Any CPU
		Debug|iPhone = Debug|iPhone
		Debug|iPhoneSimulator = Debug|iPhoneSimulator
		Release|Any CPU = Release|Any CPU
		Release|iPhone = Release|iPhone
		Release|iPhoneSimulator = Release|iPhoneSimulator
	EndGlobalSection
	GlobalSection(ProjectConfigurationPlatforms) = postSolution
		{76A17495-3E0C-45D1-8BD6-15A9B5067D35}.Ad-Hoc|Any CPU.ActiveCfg = Release|Any CPU
		{76A17495-3E0C-45D1-8BD6-15A9B5067D35}.Ad-Hoc|Any CPU.Build.0 = Release|Any CPU
		{76A17495-3E0C-45D1-8BD6-15A9B5067D35}.Ad-Hoc|iPhone.ActiveCfg = Release|Any CPU
		{76A17495-3E0C-45D1-8BD6-15A9B5067D35}.Ad-Hoc|iPhone.Build.0 = Release|Any CPU
		{76A17495-3E0C-45D1-8BD6-15A9B5067D35}.Ad-Hoc|iPhoneSimulator.ActiveCfg = Release|Any CPU
		{76A17495-3E0C-45D1-8BD6-15A9B5067D35}.Ad-Hoc|iPhoneSimulator.Build.0 = Release|Any CPU
		{76A17495-3E0C-45D1-8BD6-15A9B5067D35}.AppStore|Any CPU.ActiveCfg = Release|Any CPU
		{76A17495-3E0C-45D1-8BD6-15A9B5067D35}.AppStore|Any CPU.Build.0 = Release|Any CPU
		{76A17495-3E0C-45D1-8BD6-15A9B5067D35}.AppStore|iPhone.ActiveCfg = Release|Any CPU
		{76A17495-3E0C-45D1-8BD6-15A9B5067D35}.AppStore|iPhone.Build.0 = Release|Any CPU
		{76A17495-3E0C-45D1-8BD6-15A9B5067D35}.AppStore|iPhoneSimulator.ActiveCfg = Release|Any CPU
		{76A17495-3E0C-45D1-8BD6-15A9B5067D35}.AppStore|iPhoneSimulator.Build.0 = Release|Any CPU
		{76A17495-3E0C-45D1-8BD6-15A9B5067D35}.Debug|Any CPU.ActiveCfg = Debug|Any CPU
		{76A17495-3E0C-45D1-8BD6-15A9B5067D35}.Debug|Any CPU.Build.0 = Debug|Any CPU
		{76A17495-3E0C-45D1-8BD6-15A9B5067D35}.Debug|iPhone.ActiveCfg = Debug|Any CPU
		{76A17495-3E0C-45D1-8BD6-15A9B5067D35}.Debug|iPhone.Build.0 = Debug|Any CPU
		{76A17495-3E0C-45D1-8BD6-15A9B5067D35}.Debug|iPhoneSimulator.ActiveCfg = Debug|Any CPU
		{76A17495-3E0C-45D1-8BD6-15A9B5067D35}.Debug|iPhoneSimulator.Build.0 = Debug|Any CPU
		{76A17495-3E0C-45D1-8BD6-15A9B5067D35}.Release|Any CPU.ActiveCfg = Release|Any CPU
		{76A17495-3E0C-45D1-8BD6-15A9B5067D35}.Release|Any CPU.Build.0 = Release|Any CPU
		{76A17495-3E0C-45D1-8BD6-15A9B5067D35}.Release|iPhone.ActiveCfg = Release|Any CPU
		{76A17495-3E0C-45D1-8BD6-15A9B5067D35}.Release|iPhone.Build.0 = Release|Any CPU
		{76A17495-3E0C-45D1-8BD6-15A9B5067D35}.Release|iPhoneSimulator.ActiveCfg = Release|Any CPU
		{76A17495-3E0C-45D1-8BD6-15A9B5067D35}.Release|iPhoneSimulator.Build.0 = Release|Any CPU
		{AF3840A2-C365-4CC5-B6F2-9EB173D60598}.Ad-Hoc|Any CPU.ActiveCfg = Release|Any CPU
		{AF3840A2-C365-4CC5-B6F2-9EB173D60598}.Ad-Hoc|Any CPU.Build.0 = Release|Any CPU
		{AF3840A2-C365-4CC5-B6F2-9EB173D60598}.Ad-Hoc|iPhone.ActiveCfg = Release|Any CPU
		{AF3840A2-C365-4CC5-B6F2-9EB173D60598}.Ad-Hoc|iPhone.Build.0 = Release|Any CPU
		{AF3840A2-C365-4CC5-B6F2-9EB173D60598}.Ad-Hoc|iPhoneSimulator.ActiveCfg = Release|Any CPU
		{AF3840A2-C365-4CC5-B6F2-9EB173D60598}.Ad-Hoc|iPhoneSimulator.Build.0 = Release|Any CPU
		{AF3840A2-C365-4CC5-B6F2-9EB173D60598}.AppStore|Any CPU.ActiveCfg = Release|Any CPU
		{AF3840A2-C365-4CC5-B6F2-9EB173D60598}.AppStore|Any CPU.Build.0 = Release|Any CPU
		{AF3840A2-C365-4CC5-B6F2-9EB173D60598}.AppStore|iPhone.ActiveCfg = Release|Any CPU
		{AF3840A2-C365-4CC5-B6F2-9EB173D60598}.AppStore|iPhone.Build.0 = Release|Any CPU
		{AF3840A2-C365-4CC5-B6F2-9EB173D60598}.AppStore|iPhoneSimulator.ActiveCfg = Release|Any CPU
		{AF3840A2-C365-4CC5-B6F2-9EB173D60598}.AppStore|iPhoneSimulator.Build.0 = Release|Any CPU
		{AF3840A2-C365-4CC5-B6F2-9EB173D60598}.Debug|Any CPU.ActiveCfg = Debug|Any CPU
		{AF3840A2-C365-4CC5-B6F2-9EB173D60598}.Debug|Any CPU.Build.0 = Debug|Any CPU
		{AF3840A2-C365-4CC5-B6F2-9EB173D60598}.Debug|iPhone.ActiveCfg = Debug|Any CPU
		{AF3840A2-C365-4CC5-B6F2-9EB173D60598}.Debug|iPhone.Build.0 = Debug|Any CPU
		{AF3840A2-C365-4CC5-B6F2-9EB173D60598}.Debug|iPhoneSimulator.ActiveCfg = Debug|Any CPU
		{AF3840A2-C365-4CC5-B6F2-9EB173D60598}.Debug|iPhoneSimulator.Build.0 = Debug|Any CPU
		{AF3840A2-C365-4CC5-B6F2-9EB173D60598}.Release|Any CPU.ActiveCfg = Release|Any CPU
		{AF3840A2-C365-4CC5-B6F2-9EB173D60598}.Release|Any CPU.Build.0 = Release|Any CPU
		{AF3840A2-C365-4CC5-B6F2-9EB173D60598}.Release|iPhone.ActiveCfg = Release|Any CPU
		{AF3840A2-C365-4CC5-B6F2-9EB173D60598}.Release|iPhone.Build.0 = Release|Any CPU
		{AF3840A2-C365-4CC5-B6F2-9EB173D60598}.Release|iPhoneSimulator.ActiveCfg = Release|Any CPU
		{AF3840A2-C365-4CC5-B6F2-9EB173D60598}.Release|iPhoneSimulator.Build.0 = Release|Any CPU
		{92E1D230-CD4A-44EF-929F-AD38332B0116}.Ad-Hoc|Any CPU.ActiveCfg = Release|Any CPU
		{92E1D230-CD4A-44EF-929F-AD38332B0116}.Ad-Hoc|Any CPU.Build.0 = Release|Any CPU
		{92E1D230-CD4A-44EF-929F-AD38332B0116}.Ad-Hoc|iPhone.ActiveCfg = Release|Any CPU
		{92E1D230-CD4A-44EF-929F-AD38332B0116}.Ad-Hoc|iPhone.Build.0 = Release|Any CPU
		{92E1D230-CD4A-44EF-929F-AD38332B0116}.Ad-Hoc|iPhoneSimulator.ActiveCfg = Release|Any CPU
		{92E1D230-CD4A-44EF-929F-AD38332B0116}.Ad-Hoc|iPhoneSimulator.Build.0 = Release|Any CPU
		{92E1D230-CD4A-44EF-929F-AD38332B0116}.AppStore|Any CPU.ActiveCfg = Release|Any CPU
		{92E1D230-CD4A-44EF-929F-AD38332B0116}.AppStore|Any CPU.Build.0 = Release|Any CPU
		{92E1D230-CD4A-44EF-929F-AD38332B0116}.AppStore|iPhone.ActiveCfg = Release|Any CPU
		{92E1D230-CD4A-44EF-929F-AD38332B0116}.AppStore|iPhone.Build.0 = Release|Any CPU
		{92E1D230-CD4A-44EF-929F-AD38332B0116}.AppStore|iPhoneSimulator.ActiveCfg = Release|Any CPU
		{92E1D230-CD4A-44EF-929F-AD38332B0116}.AppStore|iPhoneSimulator.Build.0 = Release|Any CPU
		{92E1D230-CD4A-44EF-929F-AD38332B0116}.Debug|Any CPU.ActiveCfg = Debug|Any CPU
		{92E1D230-CD4A-44EF-929F-AD38332B0116}.Debug|Any CPU.Build.0 = Debug|Any CPU
		{92E1D230-CD4A-44EF-929F-AD38332B0116}.Debug|iPhone.ActiveCfg = Debug|Any CPU
		{92E1D230-CD4A-44EF-929F-AD38332B0116}.Debug|iPhone.Build.0 = Debug|Any CPU
		{92E1D230-CD4A-44EF-929F-AD38332B0116}.Debug|iPhoneSimulator.ActiveCfg = Debug|Any CPU
		{92E1D230-CD4A-44EF-929F-AD38332B0116}.Debug|iPhoneSimulator.Build.0 = Debug|Any CPU
		{92E1D230-CD4A-44EF-929F-AD38332B0116}.Release|Any CPU.ActiveCfg = Release|Any CPU
		{92E1D230-CD4A-44EF-929F-AD38332B0116}.Release|Any CPU.Build.0 = Release|Any CPU
		{92E1D230-CD4A-44EF-929F-AD38332B0116}.Release|iPhone.ActiveCfg = Release|Any CPU
		{92E1D230-CD4A-44EF-929F-AD38332B0116}.Release|iPhone.Build.0 = Release|Any CPU
		{92E1D230-CD4A-44EF-929F-AD38332B0116}.Release|iPhoneSimulator.ActiveCfg = Release|Any CPU
		{92E1D230-CD4A-44EF-929F-AD38332B0116}.Release|iPhoneSimulator.Build.0 = Release|Any CPU
		{E6BFEF28-4449-42FC-AD7D-8E251841FC92}.Ad-Hoc|Any CPU.ActiveCfg = Release|Any CPU
		{E6BFEF28-4449-42FC-AD7D-8E251841FC92}.Ad-Hoc|Any CPU.Build.0 = Release|Any CPU
		{E6BFEF28-4449-42FC-AD7D-8E251841FC92}.Ad-Hoc|iPhone.ActiveCfg = Release|Any CPU
		{E6BFEF28-4449-42FC-AD7D-8E251841FC92}.Ad-Hoc|iPhone.Build.0 = Release|Any CPU
		{E6BFEF28-4449-42FC-AD7D-8E251841FC92}.Ad-Hoc|iPhoneSimulator.ActiveCfg = Release|Any CPU
		{E6BFEF28-4449-42FC-AD7D-8E251841FC92}.Ad-Hoc|iPhoneSimulator.Build.0 = Release|Any CPU
		{E6BFEF28-4449-42FC-AD7D-8E251841FC92}.AppStore|Any CPU.ActiveCfg = Release|Any CPU
		{E6BFEF28-4449-42FC-AD7D-8E251841FC92}.AppStore|Any CPU.Build.0 = Release|Any CPU
		{E6BFEF28-4449-42FC-AD7D-8E251841FC92}.AppStore|iPhone.ActiveCfg = Release|Any CPU
		{E6BFEF28-4449-42FC-AD7D-8E251841FC92}.AppStore|iPhone.Build.0 = Release|Any CPU
		{E6BFEF28-4449-42FC-AD7D-8E251841FC92}.AppStore|iPhoneSimulator.ActiveCfg = Release|Any CPU
		{E6BFEF28-4449-42FC-AD7D-8E251841FC92}.AppStore|iPhoneSimulator.Build.0 = Release|Any CPU
		{E6BFEF28-4449-42FC-AD7D-8E251841FC92}.Debug|Any CPU.ActiveCfg = Debug|Any CPU
		{E6BFEF28-4449-42FC-AD7D-8E251841FC92}.Debug|Any CPU.Build.0 = Debug|Any CPU
		{E6BFEF28-4449-42FC-AD7D-8E251841FC92}.Debug|iPhone.ActiveCfg = Debug|Any CPU
		{E6BFEF28-4449-42FC-AD7D-8E251841FC92}.Debug|iPhone.Build.0 = Debug|Any CPU
		{E6BFEF28-4449-42FC-AD7D-8E251841FC92}.Debug|iPhoneSimulator.ActiveCfg = Debug|Any CPU
		{E6BFEF28-4449-42FC-AD7D-8E251841FC92}.Debug|iPhoneSimulator.Build.0 = Debug|Any CPU
		{E6BFEF28-4449-42FC-AD7D-8E251841FC92}.Release|Any CPU.ActiveCfg = Release|Any CPU
		{E6BFEF28-4449-42FC-AD7D-8E251841FC92}.Release|Any CPU.Build.0 = Release|Any CPU
		{E6BFEF28-4449-42FC-AD7D-8E251841FC92}.Release|iPhone.ActiveCfg = Release|Any CPU
		{E6BFEF28-4449-42FC-AD7D-8E251841FC92}.Release|iPhone.Build.0 = Release|Any CPU
		{E6BFEF28-4449-42FC-AD7D-8E251841FC92}.Release|iPhoneSimulator.ActiveCfg = Release|Any CPU
		{E6BFEF28-4449-42FC-AD7D-8E251841FC92}.Release|iPhoneSimulator.Build.0 = Release|Any CPU
		{23419964-B000-4E66-B2DE-37120B67BF81}.Ad-Hoc|Any CPU.ActiveCfg = Release|Any CPU
		{23419964-B000-4E66-B2DE-37120B67BF81}.Ad-Hoc|Any CPU.Build.0 = Release|Any CPU
		{23419964-B000-4E66-B2DE-37120B67BF81}.Ad-Hoc|iPhone.ActiveCfg = Release|Any CPU
		{23419964-B000-4E66-B2DE-37120B67BF81}.Ad-Hoc|iPhone.Build.0 = Release|Any CPU
		{23419964-B000-4E66-B2DE-37120B67BF81}.Ad-Hoc|iPhoneSimulator.ActiveCfg = Release|Any CPU
		{23419964-B000-4E66-B2DE-37120B67BF81}.Ad-Hoc|iPhoneSimulator.Build.0 = Release|Any CPU
		{23419964-B000-4E66-B2DE-37120B67BF81}.AppStore|Any CPU.ActiveCfg = Release|Any CPU
		{23419964-B000-4E66-B2DE-37120B67BF81}.AppStore|Any CPU.Build.0 = Release|Any CPU
		{23419964-B000-4E66-B2DE-37120B67BF81}.AppStore|iPhone.ActiveCfg = Release|Any CPU
		{23419964-B000-4E66-B2DE-37120B67BF81}.AppStore|iPhone.Build.0 = Release|Any CPU
		{23419964-B000-4E66-B2DE-37120B67BF81}.AppStore|iPhoneSimulator.ActiveCfg = Release|Any CPU
		{23419964-B000-4E66-B2DE-37120B67BF81}.AppStore|iPhoneSimulator.Build.0 = Release|Any CPU
		{23419964-B000-4E66-B2DE-37120B67BF81}.Debug|Any CPU.ActiveCfg = Debug|Any CPU
		{23419964-B000-4E66-B2DE-37120B67BF81}.Debug|Any CPU.Build.0 = Debug|Any CPU
		{23419964-B000-4E66-B2DE-37120B67BF81}.Debug|iPhone.ActiveCfg = Debug|Any CPU
		{23419964-B000-4E66-B2DE-37120B67BF81}.Debug|iPhone.Build.0 = Debug|Any CPU
		{23419964-B000-4E66-B2DE-37120B67BF81}.Debug|iPhoneSimulator.ActiveCfg = Debug|Any CPU
		{23419964-B000-4E66-B2DE-37120B67BF81}.Debug|iPhoneSimulator.Build.0 = Debug|Any CPU
		{23419964-B000-4E66-B2DE-37120B67BF81}.Release|Any CPU.ActiveCfg = Release|Any CPU
		{23419964-B000-4E66-B2DE-37120B67BF81}.Release|Any CPU.Build.0 = Release|Any CPU
		{23419964-B000-4E66-B2DE-37120B67BF81}.Release|iPhone.ActiveCfg = Release|Any CPU
		{23419964-B000-4E66-B2DE-37120B67BF81}.Release|iPhone.Build.0 = Release|Any CPU
		{23419964-B000-4E66-B2DE-37120B67BF81}.Release|iPhoneSimulator.ActiveCfg = Release|Any CPU
		{23419964-B000-4E66-B2DE-37120B67BF81}.Release|iPhoneSimulator.Build.0 = Release|Any CPU
		{CB700A19-BBC0-47EB-9F23-4DAB6115F8FB}.Ad-Hoc|Any CPU.ActiveCfg = Release|Any CPU
		{CB700A19-BBC0-47EB-9F23-4DAB6115F8FB}.Ad-Hoc|Any CPU.Build.0 = Release|Any CPU
		{CB700A19-BBC0-47EB-9F23-4DAB6115F8FB}.Ad-Hoc|Any CPU.Deploy.0 = Release|Any CPU
		{CB700A19-BBC0-47EB-9F23-4DAB6115F8FB}.Ad-Hoc|iPhone.ActiveCfg = Release|Any CPU
		{CB700A19-BBC0-47EB-9F23-4DAB6115F8FB}.Ad-Hoc|iPhone.Build.0 = Release|Any CPU
		{CB700A19-BBC0-47EB-9F23-4DAB6115F8FB}.Ad-Hoc|iPhone.Deploy.0 = Release|Any CPU
		{CB700A19-BBC0-47EB-9F23-4DAB6115F8FB}.Ad-Hoc|iPhoneSimulator.ActiveCfg = Release|Any CPU
		{CB700A19-BBC0-47EB-9F23-4DAB6115F8FB}.Ad-Hoc|iPhoneSimulator.Build.0 = Release|Any CPU
		{CB700A19-BBC0-47EB-9F23-4DAB6115F8FB}.Ad-Hoc|iPhoneSimulator.Deploy.0 = Release|Any CPU
		{CB700A19-BBC0-47EB-9F23-4DAB6115F8FB}.AppStore|Any CPU.ActiveCfg = Release|Any CPU
		{CB700A19-BBC0-47EB-9F23-4DAB6115F8FB}.AppStore|Any CPU.Build.0 = Release|Any CPU
		{CB700A19-BBC0-47EB-9F23-4DAB6115F8FB}.AppStore|Any CPU.Deploy.0 = Release|Any CPU
		{CB700A19-BBC0-47EB-9F23-4DAB6115F8FB}.AppStore|iPhone.ActiveCfg = Release|Any CPU
		{CB700A19-BBC0-47EB-9F23-4DAB6115F8FB}.AppStore|iPhone.Build.0 = Release|Any CPU
		{CB700A19-BBC0-47EB-9F23-4DAB6115F8FB}.AppStore|iPhone.Deploy.0 = Release|Any CPU
		{CB700A19-BBC0-47EB-9F23-4DAB6115F8FB}.AppStore|iPhoneSimulator.ActiveCfg = Release|Any CPU
		{CB700A19-BBC0-47EB-9F23-4DAB6115F8FB}.AppStore|iPhoneSimulator.Build.0 = Release|Any CPU
		{CB700A19-BBC0-47EB-9F23-4DAB6115F8FB}.AppStore|iPhoneSimulator.Deploy.0 = Release|Any CPU
		{CB700A19-BBC0-47EB-9F23-4DAB6115F8FB}.Debug|Any CPU.ActiveCfg = Debug|Any CPU
		{CB700A19-BBC0-47EB-9F23-4DAB6115F8FB}.Debug|Any CPU.Build.0 = Debug|Any CPU
		{CB700A19-BBC0-47EB-9F23-4DAB6115F8FB}.Debug|Any CPU.Deploy.0 = Debug|Any CPU
		{CB700A19-BBC0-47EB-9F23-4DAB6115F8FB}.Debug|iPhone.ActiveCfg = Debug|Any CPU
		{CB700A19-BBC0-47EB-9F23-4DAB6115F8FB}.Debug|iPhone.Build.0 = Debug|Any CPU
		{CB700A19-BBC0-47EB-9F23-4DAB6115F8FB}.Debug|iPhone.Deploy.0 = Debug|Any CPU
		{CB700A19-BBC0-47EB-9F23-4DAB6115F8FB}.Debug|iPhoneSimulator.ActiveCfg = Debug|Any CPU
		{CB700A19-BBC0-47EB-9F23-4DAB6115F8FB}.Debug|iPhoneSimulator.Build.0 = Debug|Any CPU
		{CB700A19-BBC0-47EB-9F23-4DAB6115F8FB}.Debug|iPhoneSimulator.Deploy.0 = Debug|Any CPU
		{CB700A19-BBC0-47EB-9F23-4DAB6115F8FB}.Release|Any CPU.ActiveCfg = Release|Any CPU
		{CB700A19-BBC0-47EB-9F23-4DAB6115F8FB}.Release|Any CPU.Build.0 = Release|Any CPU
		{CB700A19-BBC0-47EB-9F23-4DAB6115F8FB}.Release|Any CPU.Deploy.0 = Release|Any CPU
		{CB700A19-BBC0-47EB-9F23-4DAB6115F8FB}.Release|iPhone.ActiveCfg = Release|Any CPU
		{CB700A19-BBC0-47EB-9F23-4DAB6115F8FB}.Release|iPhone.Build.0 = Release|Any CPU
		{CB700A19-BBC0-47EB-9F23-4DAB6115F8FB}.Release|iPhone.Deploy.0 = Release|Any CPU
		{CB700A19-BBC0-47EB-9F23-4DAB6115F8FB}.Release|iPhoneSimulator.ActiveCfg = Release|Any CPU
		{CB700A19-BBC0-47EB-9F23-4DAB6115F8FB}.Release|iPhoneSimulator.Build.0 = Release|Any CPU
		{CB700A19-BBC0-47EB-9F23-4DAB6115F8FB}.Release|iPhoneSimulator.Deploy.0 = Release|Any CPU
		{938436DD-F856-4BFB-884A-25EA10C03B08}.Ad-Hoc|Any CPU.ActiveCfg = Ad-Hoc|iPhone
		{938436DD-F856-4BFB-884A-25EA10C03B08}.Ad-Hoc|iPhone.ActiveCfg = Ad-Hoc|iPhone
		{938436DD-F856-4BFB-884A-25EA10C03B08}.Ad-Hoc|iPhone.Build.0 = Ad-Hoc|iPhone
		{938436DD-F856-4BFB-884A-25EA10C03B08}.Ad-Hoc|iPhoneSimulator.ActiveCfg = Ad-Hoc|iPhoneSimulator
		{938436DD-F856-4BFB-884A-25EA10C03B08}.Ad-Hoc|iPhoneSimulator.Build.0 = Ad-Hoc|iPhoneSimulator
		{938436DD-F856-4BFB-884A-25EA10C03B08}.AppStore|Any CPU.ActiveCfg = AppStore|iPhone
		{938436DD-F856-4BFB-884A-25EA10C03B08}.AppStore|iPhone.ActiveCfg = AppStore|iPhone
		{938436DD-F856-4BFB-884A-25EA10C03B08}.AppStore|iPhone.Build.0 = AppStore|iPhone
		{938436DD-F856-4BFB-884A-25EA10C03B08}.AppStore|iPhoneSimulator.ActiveCfg = AppStore|iPhoneSimulator
		{938436DD-F856-4BFB-884A-25EA10C03B08}.AppStore|iPhoneSimulator.Build.0 = AppStore|iPhoneSimulator
		{938436DD-F856-4BFB-884A-25EA10C03B08}.Debug|Any CPU.ActiveCfg = Debug|iPhone
		{938436DD-F856-4BFB-884A-25EA10C03B08}.Debug|iPhone.ActiveCfg = Debug|iPhone
		{938436DD-F856-4BFB-884A-25EA10C03B08}.Debug|iPhone.Build.0 = Debug|iPhone
		{938436DD-F856-4BFB-884A-25EA10C03B08}.Debug|iPhoneSimulator.ActiveCfg = Debug|iPhoneSimulator
		{938436DD-F856-4BFB-884A-25EA10C03B08}.Debug|iPhoneSimulator.Build.0 = Debug|iPhoneSimulator
		{938436DD-F856-4BFB-884A-25EA10C03B08}.Release|Any CPU.ActiveCfg = Release|iPhone
		{938436DD-F856-4BFB-884A-25EA10C03B08}.Release|iPhone.ActiveCfg = Release|iPhone
		{938436DD-F856-4BFB-884A-25EA10C03B08}.Release|iPhone.Build.0 = Release|iPhone
		{938436DD-F856-4BFB-884A-25EA10C03B08}.Release|iPhoneSimulator.ActiveCfg = Release|iPhoneSimulator
		{938436DD-F856-4BFB-884A-25EA10C03B08}.Release|iPhoneSimulator.Build.0 = Release|iPhoneSimulator
	EndGlobalSection
	GlobalSection(SolutionProperties) = preSolution
		HideSolutionNode = FALSE
	EndGlobalSection
EndGlobal
